
Microsoft Visual Studio Solution File, Format Version 12.00
# Visual Studio 14
VisualStudioVersion = 14.0.23107.0
MinimumVisualStudioVersion = 10.0.40219.1
Project("{FAE04EC0-301F-11D3-BF4B-00C04F79EFBC}") = "ShuffleLunch", "ShuffleLunch\ShuffleLunch.csproj", "{5258B8A5-3DB3-4F0F-97C3-A216834186CA}"
EndProject
Global
	GlobalSection(SolutionConfigurationPlatforms) = preSolution
		Debug|Any CPU = Debug|Any CPU
		Release|Any CPU = Release|Any CPU
	EndGlobalSection
	GlobalSection(ProjectConfigurationPlatforms) = postSolution
		{5258B8A5-3DB3-4F0F-97C3-A216834186CA}.Debug|Any CPU.ActiveCfg = Debug|Any CPU
		{5258B8A5-3DB3-4F0F-97C3-A216834186CA}.Debug|Any CPU.Build.0 = Debug|Any CPU
		{5258B8A5-3DB3-4F0F-97C3-A216834186CA}.Release|Any CPU.ActiveCfg = Release|Any CPU
		{5258B8A5-3DB3-4F0F-97C3-A216834186CA}.Release|Any CPU.Build.0 = Release|Any CPU
	EndGlobalSection
	GlobalSection(SolutionProperties) = preSolution
		HideSolutionNode = FALSE
	EndGlobalSection
EndGlobal
